
Microsoft Visual Studio Solution File, Format Version 12.00
# Visual Studio 14
VisualStudioVersion = 14.0.24720.0
MinimumVisualStudioVersion = 10.0.40219.1
Project("{FAE04EC0-301F-11D3-BF4B-00C04F79EFBC}") = "DZ0", "ConsoleApplication1\DZ0.csproj", "{2E6D99C7-0A64-4857-873B-9807DB9F35EF}"
EndProject
Project("{FAE04EC0-301F-11D3-BF4B-00C04F79EFBC}") = "ClassLibrary1", "ClassLibrary1\ClassLibrary1.csproj", "{EDC7B708-D04D-4BA0-BEA1-8D9F84FF1962}"
EndProject
Project("{FAE04EC0-301F-11D3-BF4B-00C04F79EFBC}") = "DZ1", "ConsoleApplication2\DZ1.csproj", "{E7DFC403-C5EB-44A9-97B3-BA935541B274}"
EndProject
Project("{FAE04EC0-301F-11D3-BF4B-00C04F79EFBC}") = "IntegerList", "ClassLibrary2\IntegerList.csproj", "{5B8FAF96-5E1C-466A-A884-86B6B00AF776}"
EndProject
Project("{FAE04EC0-301F-11D3-BF4B-00C04F79EFBC}") = "GenericList", "ClassLibrary3\GenericList.csproj", "{6F433D5A-9712-49E7-B72E-01CC8A901EE9}"
EndProject
Project("{FAE04EC0-301F-11D3-BF4B-00C04F79EFBC}") = "Game1", "Game1\Game1.csproj", "{E052F965-B71E-4B33-854E-BC70432DBA6B}"
EndProject
Global
	GlobalSection(SolutionConfigurationPlatforms) = preSolution
		Debug|Any CPU = Debug|Any CPU
		Debug|x86 = Debug|x86
		Release|Any CPU = Release|Any CPU
		Release|x86 = Release|x86
	EndGlobalSection
	GlobalSection(ProjectConfigurationPlatforms) = postSolution
		{2E6D99C7-0A64-4857-873B-9807DB9F35EF}.Debug|Any CPU.ActiveCfg = Debug|Any CPU
		{2E6D99C7-0A64-4857-873B-9807DB9F35EF}.Debug|Any CPU.Build.0 = Debug|Any CPU
		{2E6D99C7-0A64-4857-873B-9807DB9F35EF}.Debug|x86.ActiveCfg = Debug|Any CPU
		{2E6D99C7-0A64-4857-873B-9807DB9F35EF}.Debug|x86.Build.0 = Debug|Any CPU
		{2E6D99C7-0A64-4857-873B-9807DB9F35EF}.Release|Any CPU.ActiveCfg = Release|Any CPU
		{2E6D99C7-0A64-4857-873B-9807DB9F35EF}.Release|Any CPU.Build.0 = Release|Any CPU
		{2E6D99C7-0A64-4857-873B-9807DB9F35EF}.Release|x86.ActiveCfg = Release|Any CPU
		{2E6D99C7-0A64-4857-873B-9807DB9F35EF}.Release|x86.Build.0 = Release|Any CPU
		{EDC7B708-D04D-4BA0-BEA1-8D9F84FF1962}.Debug|Any CPU.ActiveCfg = Debug|Any CPU
		{EDC7B708-D04D-4BA0-BEA1-8D9F84FF1962}.Debug|Any CPU.Build.0 = Debug|Any CPU
		{EDC7B708-D04D-4BA0-BEA1-8D9F84FF1962}.Debug|x86.ActiveCfg = Debug|Any CPU
		{EDC7B708-D04D-4BA0-BEA1-8D9F84FF1962}.Debug|x86.Build.0 = Debug|Any CPU
		{EDC7B708-D04D-4BA0-BEA1-8D9F84FF1962}.Release|Any CPU.ActiveCfg = Release|Any CPU
		{EDC7B708-D04D-4BA0-BEA1-8D9F84FF1962}.Release|Any CPU.Build.0 = Release|Any CPU
		{EDC7B708-D04D-4BA0-BEA1-8D9F84FF1962}.Release|x86.ActiveCfg = Release|Any CPU
		{EDC7B708-D04D-4BA0-BEA1-8D9F84FF1962}.Release|x86.Build.0 = Release|Any CPU
		{E7DFC403-C5EB-44A9-97B3-BA935541B274}.Debug|Any CPU.ActiveCfg = Debug|Any CPU
		{E7DFC403-C5EB-44A9-97B3-BA935541B274}.Debug|Any CPU.Build.0 = Debug|Any CPU
		{E7DFC403-C5EB-44A9-97B3-BA935541B274}.Debug|x86.ActiveCfg = Debug|Any CPU
		{E7DFC403-C5EB-44A9-97B3-BA935541B274}.Debug|x86.Build.0 = Debug|Any CPU
		{E7DFC403-C5EB-44A9-97B3-BA935541B274}.Release|Any CPU.ActiveCfg = Release|Any CPU
		{E7DFC403-C5EB-44A9-97B3-BA935541B274}.Release|Any CPU.Build.0 = Release|Any CPU
		{E7DFC403-C5EB-44A9-97B3-BA935541B274}.Release|x86.ActiveCfg = Release|Any CPU
		{E7DFC403-C5EB-44A9-97B3-BA935541B274}.Release|x86.Build.0 = Release|Any CPU
		{5B8FAF96-5E1C-466A-A884-86B6B00AF776}.Debug|Any CPU.ActiveCfg = Debug|Any CPU
		{5B8FAF96-5E1C-466A-A884-86B6B00AF776}.Debug|Any CPU.Build.0 = Debug|Any CPU
		{5B8FAF96-5E1C-466A-A884-86B6B00AF776}.Debug|x86.ActiveCfg = Debug|Any CPU
		{5B8FAF96-5E1C-466A-A884-86B6B00AF776}.Debug|x86.Build.0 = Debug|Any CPU
		{5B8FAF96-5E1C-466A-A884-86B6B00AF776}.Release|Any CPU.ActiveCfg = Release|Any CPU
		{5B8FAF96-5E1C-466A-A884-86B6B00AF776}.Release|Any CPU.Build.0 = Release|Any CPU
		{5B8FAF96-5E1C-466A-A884-86B6B00AF776}.Release|x86.ActiveCfg = Release|Any CPU
		{5B8FAF96-5E1C-466A-A884-86B6B00AF776}.Release|x86.Build.0 = Release|Any CPU
		{6F433D5A-9712-49E7-B72E-01CC8A901EE9}.Debug|Any CPU.ActiveCfg = Debug|Any CPU
		{6F433D5A-9712-49E7-B72E-01CC8A901EE9}.Debug|Any CPU.Build.0 = Debug|Any CPU
		{6F433D5A-9712-49E7-B72E-01CC8A901EE9}.Debug|x86.ActiveCfg = Debug|Any CPU
		{6F433D5A-9712-49E7-B72E-01CC8A901EE9}.Debug|x86.Build.0 = Debug|Any CPU
		{6F433D5A-9712-49E7-B72E-01CC8A901EE9}.Release|Any CPU.ActiveCfg = Release|Any CPU
		{6F433D5A-9712-49E7-B72E-01CC8A901EE9}.Release|Any CPU.Build.0 = Release|Any CPU
		{6F433D5A-9712-49E7-B72E-01CC8A901EE9}.Release|x86.ActiveCfg = Release|Any CPU
		{6F433D5A-9712-49E7-B72E-01CC8A901EE9}.Release|x86.Build.0 = Release|Any CPU
		{E052F965-B71E-4B33-854E-BC70432DBA6B}.Debug|Any CPU.ActiveCfg = Debug|x86
		{E052F965-B71E-4B33-854E-BC70432DBA6B}.Debug|x86.ActiveCfg = Debug|x86
		{E052F965-B71E-4B33-854E-BC70432DBA6B}.Debug|x86.Build.0 = Debug|x86
		{E052F965-B71E-4B33-854E-BC70432DBA6B}.Release|Any CPU.ActiveCfg = Release|x86
		{E052F965-B71E-4B33-854E-BC70432DBA6B}.Release|x86.ActiveCfg = Release|x86
		{E052F965-B71E-4B33-854E-BC70432DBA6B}.Release|x86.Build.0 = Release|x86
	EndGlobalSection
	GlobalSection(SolutionProperties) = preSolution
		HideSolutionNode = FALSE
	EndGlobalSection
EndGlobal
